
Microsoft Visual Studio Solution File, Format Version 12.00
# Visual Studio Version 16
VisualStudioVersion = 16.0.30114.105
MinimumVisualStudioVersion = 10.0.40219.1
Project("{FAE04EC0-301F-11D3-BF4B-00C04F79EFBC}") = "MealSelectDemo.Android", "MealSelectDemo.Android\MealSelectDemo.Android.csproj", "{669E8E48-225C-4D3C-90CD-CC2EEA72C3D8}"
EndProject
Project("{FAE04EC0-301F-11D3-BF4B-00C04F79EFBC}") = "MealSelectDemo.iOS", "MealSelectDemo.iOS\MealSelectDemo.iOS.csproj", "{32D143DA-259D-4E40-B09F-76944801F9B9}"
EndProject
Project("{FAE04EC0-301F-11D3-BF4B-00C04F79EFBC}") = "MealSelectDemo", "MealSelectDemo\MealSelectDemo.csproj", "{F63CFF28-C5CF-4FE3-B636-2E0F2BCC1209}"
EndProject
Global
	GlobalSection(SolutionConfigurationPlatforms) = preSolution
		Debug|Any CPU = Debug|Any CPU
		Debug|iPhone = Debug|iPhone
		Debug|iPhoneSimulator = Debug|iPhoneSimulator
		Release|Any CPU = Release|Any CPU
		Release|iPhone = Release|iPhone
		Release|iPhoneSimulator = Release|iPhoneSimulator
	EndGlobalSection
	GlobalSection(ProjectConfigurationPlatforms) = postSolution
		{669E8E48-225C-4D3C-90CD-CC2EEA72C3D8}.Debug|Any CPU.ActiveCfg = Debug|Any CPU
		{669E8E48-225C-4D3C-90CD-CC2EEA72C3D8}.Debug|Any CPU.Build.0 = Debug|Any CPU
		{669E8E48-225C-4D3C-90CD-CC2EEA72C3D8}.Debug|Any CPU.Deploy.0 = Debug|Any CPU
		{669E8E48-225C-4D3C-90CD-CC2EEA72C3D8}.Debug|iPhone.ActiveCfg = Debug|Any CPU
		{669E8E48-225C-4D3C-90CD-CC2EEA72C3D8}.Debug|iPhone.Build.0 = Debug|Any CPU
		{669E8E48-225C-4D3C-90CD-CC2EEA72C3D8}.Debug|iPhone.Deploy.0 = Debug|Any CPU
		{669E8E48-225C-4D3C-90CD-CC2EEA72C3D8}.Debug|iPhoneSimulator.ActiveCfg = Debug|Any CPU
		{669E8E48-225C-4D3C-90CD-CC2EEA72C3D8}.Debug|iPhoneSimulator.Build.0 = Debug|Any CPU
		{669E8E48-225C-4D3C-90CD-CC2EEA72C3D8}.Debug|iPhoneSimulator.Deploy.0 = Debug|Any CPU
		{669E8E48-225C-4D3C-90CD-CC2EEA72C3D8}.Release|Any CPU.ActiveCfg = Release|Any CPU
		{669E8E48-225C-4D3C-90CD-CC2EEA72C3D8}.Release|Any CPU.Build.0 = Release|Any CPU
		{669E8E48-225C-4D3C-90CD-CC2EEA72C3D8}.Release|Any CPU.Deploy.0 = Release|Any CPU
		{669E8E48-225C-4D3C-90CD-CC2EEA72C3D8}.Release|iPhone.ActiveCfg = Release|Any CPU
		{669E8E48-225C-4D3C-90CD-CC2EEA72C3D8}.Release|iPhone.Build.0 = Release|Any CPU
		{669E8E48-225C-4D3C-90CD-CC2EEA72C3D8}.Release|iPhone.Deploy.0 = Release|Any CPU
		{669E8E48-225C-4D3C-90CD-CC2EEA72C3D8}.Release|iPhoneSimulator.ActiveCfg = Release|Any CPU
		{669E8E48-225C-4D3C-90CD-CC2EEA72C3D8}.Release|iPhoneSimulator.Build.0 = Release|Any CPU
		{669E8E48-225C-4D3C-90CD-CC2EEA72C3D8}.Release|iPhoneSimulator.Deploy.0 = Release|Any CPU
		{32D143DA-259D-4E40-B09F-76944801F9B9}.Debug|Any CPU.ActiveCfg = Debug|iPhone
		{32D143DA-259D-4E40-B09F-76944801F9B9}.Debug|Any CPU.Build.0 = Debug|iPhone
		{32D143DA-259D-4E40-B09F-76944801F9B9}.Debug|Any CPU.Deploy.0 = Debug|iPhone
		{32D143DA-259D-4E40-B09F-76944801F9B9}.Debug|iPhone.ActiveCfg = Debug|iPhone
		{32D143DA-259D-4E40-B09F-76944801F9B9}.Debug|iPhone.Build.0 = Debug|iPhone
		{32D143DA-259D-4E40-B09F-76944801F9B9}.Debug|iPhone.Deploy.0 = Debug|iPhone
		{32D143DA-259D-4E40-B09F-76944801F9B9}.Debug|iPhoneSimulator.ActiveCfg = Debug|iPhoneSimulator
		{32D143DA-259D-4E40-B09F-76944801F9B9}.Debug|iPhoneSimulator.Build.0 = Debug|iPhoneSimulator
		{32D143DA-259D-4E40-B09F-76944801F9B9}.Debug|iPhoneSimulator.Deploy.0 = Debug|iPhoneSimulator
		{32D143DA-259D-4E40-B09F-76944801F9B9}.Release|Any CPU.ActiveCfg = Release|iPhone
		{32D143DA-259D-4E40-B09F-76944801F9B9}.Release|Any CPU.Build.0 = Release|iPhone
		{32D143DA-259D-4E40-B09F-76944801F9B9}.Release|Any CPU.Deploy.0 = Release|iPhone
		{32D143DA-259D-4E40-B09F-76944801F9B9}.Release|iPhone.ActiveCfg = Release|iPhone
		{32D143DA-259D-4E40-B09F-76944801F9B9}.Release|iPhone.Build.0 = Release|iPhone
		{32D143DA-259D-4E40-B09F-76944801F9B9}.Release|iPhone.Deploy.0 = Release|iPhone
		{32D143DA-259D-4E40-B09F-76944801F9B9}.Release|iPhoneSimulator.ActiveCfg = Release|iPhoneSimulator
		{32D143DA-259D-4E40-B09F-76944801F9B9}.Release|iPhoneSimulator.Build.0 = Release|iPhoneSimulator
		{32D143DA-259D-4E40-B09F-76944801F9B9}.Release|iPhoneSimulator.Deploy.0 = Release|iPhoneSimulator
		{F63CFF28-C5CF-4FE3-B636-2E0F2BCC1209}.Debug|Any CPU.ActiveCfg = Debug|Any CPU
		{F63CFF28-C5CF-4FE3-B636-2E0F2BCC1209}.Debug|Any CPU.Build.0 = Debug|Any CPU
		{F63CFF28-C5CF-4FE3-B636-2E0F2BCC1209}.Debug|Any CPU.Deploy.0 = Debug|Any CPU
		{F63CFF28-C5CF-4FE3-B636-2E0F2BCC1209}.Debug|iPhone.ActiveCfg = Debug|Any CPU
		{F63CFF28-C5CF-4FE3-B636-2E0F2BCC1209}.Debug|iPhone.Build.0 = Debug|Any CPU
		{F63CFF28-C5CF-4FE3-B636-2E0F2BCC1209}.Debug|iPhone.Deploy.0 = Debug|Any CPU
		{F63CFF28-C5CF-4FE3-B636-2E0F2BCC1209}.Debug|iPhoneSimulator.ActiveCfg = Debug|Any CPU
		{F63CFF28-C5CF-4FE3-B636-2E0F2BCC1209}.Debug|iPhoneSimulator.Build.0 = Debug|Any CPU
		{F63CFF28-C5CF-4FE3-B636-2E0F2BCC1209}.Debug|iPhoneSimulator.Deploy.0 = Debug|Any CPU
		{F63CFF28-C5CF-4FE3-B636-2E0F2BCC1209}.Release|Any CPU.ActiveCfg = Release|Any CPU
		{F63CFF28-C5CF-4FE3-B636-2E0F2BCC1209}.Release|Any CPU.Build.0 = Release|Any CPU
		{F63CFF28-C5CF-4FE3-B636-2E0F2BCC1209}.Release|Any CPU.Deploy.0 = Release|Any CPU
		{F63CFF28-C5CF-4FE3-B636-2E0F2BCC1209}.Release|iPhone.ActiveCfg = Release|Any CPU
		{F63CFF28-C5CF-4FE3-B636-2E0F2BCC1209}.Release|iPhone.Build.0 = Release|Any CPU
		{F63CFF28-C5CF-4FE3-B636-2E0F2BCC1209}.Release|iPhone.Deploy.0 = Release|Any CPU
		{F63CFF28-C5CF-4FE3-B636-2E0F2BCC1209}.Release|iPhoneSimulator.ActiveCfg = Release|Any CPU
		{F63CFF28-C5CF-4FE3-B636-2E0F2BCC1209}.Release|iPhoneSimulator.Build.0 = Release|Any CPU
		{F63CFF28-C5CF-4FE3-B636-2E0F2BCC1209}.Release|iPhoneSimulator.Deploy.0 = Release|Any CPU
	EndGlobalSection
	GlobalSection(SolutionProperties) = preSolution
		HideSolutionNode = FALSE
	EndGlobalSection
	GlobalSection(ExtensibilityGlobals) = postSolution
		SolutionGuid = {B3960B88-A42C-42C0-99AC-FE43ED1604C5}
	EndGlobalSection
EndGlobal
